
Microsoft Visual Studio Solution File, Format Version 12.00
# Visual Studio Version 16
VisualStudioVersion = 16.0.30114.105
MinimumVisualStudioVersion = 10.0.40219.1
Project("{FAE04EC0-301F-11D3-BF4B-00C04F79EFBC}") = "R5T.Pompeii.Standard", "R5T.Pompeii.Standard\R5T.Pompeii.Standard.csproj", "{4DF5BAE5-2160-46EB-9250-11EA4CE209A7}"
EndProject
Project("{FAE04EC0-301F-11D3-BF4B-00C04F79EFBC}") = "R5T.Pompeii.Standard.Construction", "R5T.Pompeii.Standard.Construction\R5T.Pompeii.Standard.Construction.csproj", "{FF828B04-2FB2-4E28-8DE9-B4FF13B7F161}"
EndProject
Project("{FAE04EC0-301F-11D3-BF4B-00C04F79EFBC}") = "R5T.Pompeii.Standard.Testing", "R5T.Pompeii.Standard.Testing\R5T.Pompeii.Standard.Testing.csproj", "{C6E78F58-B9EC-4124-828B-DD71C3C8D1DB}"
EndProject
Global
	GlobalSection(SolutionConfigurationPlatforms) = preSolution
		Debug|Any CPU = Debug|Any CPU
		Debug|x64 = Debug|x64
		Debug|x86 = Debug|x86
		Release|Any CPU = Release|Any CPU
		Release|x64 = Release|x64
		Release|x86 = Release|x86
	EndGlobalSection
	GlobalSection(SolutionProperties) = preSolution
		HideSolutionNode = FALSE
	EndGlobalSection
	GlobalSection(ProjectConfigurationPlatforms) = postSolution
		{4DF5BAE5-2160-46EB-9250-11EA4CE209A7}.Debug|Any CPU.ActiveCfg = Debug|Any CPU
		{4DF5BAE5-2160-46EB-9250-11EA4CE209A7}.Debug|Any CPU.Build.0 = Debug|Any CPU
		{4DF5BAE5-2160-46EB-9250-11EA4CE209A7}.Debug|x64.ActiveCfg = Debug|Any CPU
		{4DF5BAE5-2160-46EB-9250-11EA4CE209A7}.Debug|x64.Build.0 = Debug|Any CPU
		{4DF5BAE5-2160-46EB-9250-11EA4CE209A7}.Debug|x86.ActiveCfg = Debug|Any CPU
		{4DF5BAE5-2160-46EB-9250-11EA4CE209A7}.Debug|x86.Build.0 = Debug|Any CPU
		{4DF5BAE5-2160-46EB-9250-11EA4CE209A7}.Release|Any CPU.ActiveCfg = Release|Any CPU
		{4DF5BAE5-2160-46EB-9250-11EA4CE209A7}.Release|Any CPU.Build.0 = Release|Any CPU
		{4DF5BAE5-2160-46EB-9250-11EA4CE209A7}.Release|x64.ActiveCfg = Release|Any CPU
		{4DF5BAE5-2160-46EB-9250-11EA4CE209A7}.Release|x64.Build.0 = Release|Any CPU
		{4DF5BAE5-2160-46EB-9250-11EA4CE209A7}.Release|x86.ActiveCfg = Release|Any CPU
		{4DF5BAE5-2160-46EB-9250-11EA4CE209A7}.Release|x86.Build.0 = Release|Any CPU
		{FF828B04-2FB2-4E28-8DE9-B4FF13B7F161}.Debug|Any CPU.ActiveCfg = Debug|Any CPU
		{FF828B04-2FB2-4E28-8DE9-B4FF13B7F161}.Debug|Any CPU.Build.0 = Debug|Any CPU
		{FF828B04-2FB2-4E28-8DE9-B4FF13B7F161}.Debug|x64.ActiveCfg = Debug|Any CPU
		{FF828B04-2FB2-4E28-8DE9-B4FF13B7F161}.Debug|x64.Build.0 = Debug|Any CPU
		{FF828B04-2FB2-4E28-8DE9-B4FF13B7F161}.Debug|x86.ActiveCfg = Debug|Any CPU
		{FF828B04-2FB2-4E28-8DE9-B4FF13B7F161}.Debug|x86.Build.0 = Debug|Any CPU
		{FF828B04-2FB2-4E28-8DE9-B4FF13B7F161}.Release|Any CPU.ActiveCfg = Release|Any CPU
		{FF828B04-2FB2-4E28-8DE9-B4FF13B7F161}.Release|Any CPU.Build.0 = Release|Any CPU
		{FF828B04-2FB2-4E28-8DE9-B4FF13B7F161}.Release|x64.ActiveCfg = Release|Any CPU
		{FF828B04-2FB2-4E28-8DE9-B4FF13B7F161}.Release|x64.Build.0 = Release|Any CPU
		{FF828B04-2FB2-4E28-8DE9-B4FF13B7F161}.Release|x86.ActiveCfg = Release|Any CPU
		{FF828B04-2FB2-4E28-8DE9-B4FF13B7F161}.Release|x86.Build.0 = Release|Any CPU
		{C6E78F58-B9EC-4124-828B-DD71C3C8D1DB}.Debug|Any CPU.ActiveCfg = Debug|Any CPU
		{C6E78F58-B9EC-4124-828B-DD71C3C8D1DB}.Debug|Any CPU.Build.0 = Debug|Any CPU
		{C6E78F58-B9EC-4124-828B-DD71C3C8D1DB}.Debug|x64.ActiveCfg = Debug|Any CPU
		{C6E78F58-B9EC-4124-828B-DD71C3C8D1DB}.Debug|x64.Build.0 = Debug|Any CPU
		{C6E78F58-B9EC-4124-828B-DD71C3C8D1DB}.Debug|x86.ActiveCfg = Debug|Any CPU
		{C6E78F58-B9EC-4124-828B-DD71C3C8D1DB}.Debug|x86.Build.0 = Debug|Any CPU
		{C6E78F58-B9EC-4124-828B-DD71C3C8D1DB}.Release|Any CPU.ActiveCfg = Release|Any CPU
		{C6E78F58-B9EC-4124-828B-DD71C3C8D1DB}.Release|Any CPU.Build.0 = Release|Any CPU
		{C6E78F58-B9EC-4124-828B-DD71C3C8D1DB}.Release|x64.ActiveCfg = Release|Any CPU
		{C6E78F58-B9EC-4124-828B-DD71C3C8D1DB}.Release|x64.Build.0 = Release|Any CPU
		{C6E78F58-B9EC-4124-828B-DD71C3C8D1DB}.Release|x86.ActiveCfg = Release|Any CPU
		{C6E78F58-B9EC-4124-828B-DD71C3C8D1DB}.Release|x86.Build.0 = Release|Any CPU
	EndGlobalSection
EndGlobal
